
Microsoft Visual Studio Solution File, Format Version 12.00
# Visual Studio Version 17
VisualStudioVersion = 17.3.32901.215
MinimumVisualStudioVersion = 10.0.40219.1
Project("{FAE04EC0-301F-11D3-BF4B-00C04F79EFBC}") = "Deliverable2", "Deliverable2\Deliverable2.csproj", "{021F4C34-FD28-4762-80F9-9B8739DF8D4F}"
EndProject
Global
	GlobalSection(SolutionConfigurationPlatforms) = preSolution
		Debug|Any CPU = Debug|Any CPU
		Release|Any CPU = Release|Any CPU
	EndGlobalSection
	GlobalSection(ProjectConfigurationPlatforms) = postSolution
		{021F4C34-FD28-4762-80F9-9B8739DF8D4F}.Debug|Any CPU.ActiveCfg = Debug|Any CPU
		{021F4C34-FD28-4762-80F9-9B8739DF8D4F}.Debug|Any CPU.Build.0 = Debug|Any CPU
		{021F4C34-FD28-4762-80F9-9B8739DF8D4F}.Release|Any CPU.ActiveCfg = Release|Any CPU
		{021F4C34-FD28-4762-80F9-9B8739DF8D4F}.Release|Any CPU.Build.0 = Release|Any CPU
	EndGlobalSection
	GlobalSection(SolutionProperties) = preSolution
		HideSolutionNode = FALSE
	EndGlobalSection
	GlobalSection(ExtensibilityGlobals) = postSolution
		SolutionGuid = {65B17645-919C-4024-B2AA-2F6BF21F71D2}
	EndGlobalSection
EndGlobal
